// !$*UTF8*$!
{
	archiveVersion = 1;
	classes = {
	};
	objectVersion = 56;
	objects = {

/* Begin PBXBuildFile section */
		63025AD12B90EE140040C201 /* PhotosModel.xcdatamodeld in Sources */ = {isa = PBXBuildFile; fileRef = 63025ACF2B90EE140040C201 /* PhotosModel.xcdatamodeld */; };
		636A778A2ABF0DF70078FA34 /* Tudor_BankApp.swift in Sources */ = {isa = PBXBuildFile; fileRef = 636A77892ABF0DF70078FA34 /* Tudor_BankApp.swift */; };
		636A778C2ABF0DF70078FA34 /* ContentView.swift in Sources */ = {isa = PBXBuildFile; fileRef = 636A778B2ABF0DF70078FA34 /* ContentView.swift */; };
		636A778E2ABF0DF90078FA34 /* Assets.xcassets in Resources */ = {isa = PBXBuildFile; fileRef = 636A778D2ABF0DF90078FA34 /* Assets.xcassets */; };
		636A77922ABF0DF90078FA34 /* Preview Assets.xcassets in Resources */ = {isa = PBXBuildFile; fileRef = 636A77912ABF0DF90078FA34 /* Preview Assets.xcassets */; };
		636A779C2ABF0DF90078FA34 /* Tudor_BankTests.swift in Sources */ = {isa = PBXBuildFile; fileRef = 636A779B2ABF0DF90078FA34 /* Tudor_BankTests.swift */; };
		636A77A62ABF0DF90078FA34 /* Tudor_BankUITests.swift in Sources */ = {isa = PBXBuildFile; fileRef = 636A77A52ABF0DF90078FA34 /* Tudor_BankUITests.swift */; };
		636A77A82ABF0DF90078FA34 /* Tudor_BankUITestsLaunchTests.swift in Sources */ = {isa = PBXBuildFile; fileRef = 636A77A72ABF0DF90078FA34 /* Tudor_BankUITestsLaunchTests.swift */; };
		636A77BD2ABF15A80078FA34 /* BankingEngine in Frameworks */ = {isa = PBXBuildFile; productRef = 636A77BC2ABF15A80078FA34 /* BankingEngine */; };
		6382CAF92B7E612C00E1DCF5 /* ImagePicker.swift in Sources */ = {isa = PBXBuildFile; fileRef = 6382CAF82B7E612C00E1DCF5 /* ImagePicker.swift */; };
		6382CAFB2B7E666E00E1DCF5 /* AccountView.swift in Sources */ = {isa = PBXBuildFile; fileRef = 6382CAFA2B7E666E00E1DCF5 /* AccountView.swift */; };
		6382CAFD2B7E66BA00E1DCF5 /* RetrieveTransactionsView.swift in Sources */ = {isa = PBXBuildFile; fileRef = 6382CAFC2B7E66BA00E1DCF5 /* RetrieveTransactionsView.swift */; };
		6382CAFF2B7E671000E1DCF5 /* SendMoneyView.swift in Sources */ = {isa = PBXBuildFile; fileRef = 6382CAFE2B7E671000E1DCF5 /* SendMoneyView.swift */; };
		A95C64F02AC8258800251ECD /* ExampleView.swift in Sources */ = {isa = PBXBuildFile; fileRef = A95C64EF2AC8258800251ECD /* ExampleView.swift */; };
		A9AEB61D2ADC5EDC0020793B /* ExampleViewWithCombine.swift in Sources */ = {isa = PBXBuildFile; fileRef = A9AEB61C2ADC5EDB0020793B /* ExampleViewWithCombine.swift */; };
/* End PBXBuildFile section */

/* Begin PBXContainerItemProxy section */
		636A77982ABF0DF90078FA34 /* PBXContainerItemProxy */ = {
			isa = PBXContainerItemProxy;
			containerPortal = 636A777E2ABF0DF70078FA34 /* Project object */;
			proxyType = 1;
			remoteGlobalIDString = 636A77852ABF0DF70078FA34;
			remoteInfo = "Tudor Bank";
		};
		636A77A22ABF0DF90078FA34 /* PBXContainerItemProxy */ = {
			isa = PBXContainerItemProxy;
			containerPortal = 636A777E2ABF0DF70078FA34 /* Project object */;
			proxyType = 1;
			remoteGlobalIDString = 636A77852ABF0DF70078FA34;
			remoteInfo = "Tudor Bank";
		};
/* End PBXContainerItemProxy section */

/* Begin PBXFileReference section */
		63025AD02B90EE140040C201 /* PhotosModel.xcdatamodel */ = {isa = PBXFileReference; lastKnownFileType = wrapper.xcdatamodel; path = PhotosModel.xcdatamodel; sourceTree = "<group>"; };
		636A77862ABF0DF70078FA34 /* Tudor Bank.app */ = {isa = PBXFileReference; explicitFileType = wrapper.application; includeInIndex = 0; path = "Tudor Bank.app"; sourceTree = BUILT_PRODUCTS_DIR; };
		636A77892ABF0DF70078FA34 /* Tudor_BankApp.swift */ = {isa = PBXFileReference; lastKnownFileType = sourcecode.swift; path = Tudor_BankApp.swift; sourceTree = "<group>"; };
		636A778B2ABF0DF70078FA34 /* ContentView.swift */ = {isa = PBXFileReference; lastKnownFileType = sourcecode.swift; path = ContentView.swift; sourceTree = "<group>"; };
		636A778D2ABF0DF90078FA34 /* Assets.xcassets */ = {isa = PBXFileReference; lastKnownFileType = folder.assetcatalog; path = Assets.xcassets; sourceTree = "<group>"; };
		636A778F2ABF0DF90078FA34 /* Tudor_Bank.entitlements */ = {isa = PBXFileReference; lastKnownFileType = text.plist.entitlements; path = Tudor_Bank.entitlements; sourceTree = "<group>"; };
		636A77912ABF0DF90078FA34 /* Preview Assets.xcassets */ = {isa = PBXFileReference; lastKnownFileType = folder.assetcatalog; path = "Preview Assets.xcassets"; sourceTree = "<group>"; };
		636A77972ABF0DF90078FA34 /* Tudor BankTests.xctest */ = {isa = PBXFileReference; explicitFileType = wrapper.cfbundle; includeInIndex = 0; path = "Tudor BankTests.xctest"; sourceTree = BUILT_PRODUCTS_DIR; };
		636A779B2ABF0DF90078FA34 /* Tudor_BankTests.swift */ = {isa = PBXFileReference; lastKnownFileType = sourcecode.swift; path = Tudor_BankTests.swift; sourceTree = "<group>"; };
		636A77A12ABF0DF90078FA34 /* Tudor BankUITests.xctest */ = {isa = PBXFileReference; explicitFileType = wrapper.cfbundle; includeInIndex = 0; path = "Tudor BankUITests.xctest"; sourceTree = BUILT_PRODUCTS_DIR; };
		636A77A52ABF0DF90078FA34 /* Tudor_BankUITests.swift */ = {isa = PBXFileReference; lastKnownFileType = sourcecode.swift; path = Tudor_BankUITests.swift; sourceTree = "<group>"; };
		636A77A72ABF0DF90078FA34 /* Tudor_BankUITestsLaunchTests.swift */ = {isa = PBXFileReference; lastKnownFileType = sourcecode.swift; path = Tudor_BankUITestsLaunchTests.swift; sourceTree = "<group>"; };
		636A77BA2ABF11270078FA34 /* BankingEngine */ = {isa = PBXFileReference; lastKnownFileType = wrapper; name = BankingEngine; path = ../BankingEngine; sourceTree = "<group>"; };
		6382CAF82B7E612C00E1DCF5 /* ImagePicker.swift */ = {isa = PBXFileReference; lastKnownFileType = sourcecode.swift; path = ImagePicker.swift; sourceTree = "<group>"; };
		6382CAFA2B7E666E00E1DCF5 /* AccountView.swift */ = {isa = PBXFileReference; lastKnownFileType = sourcecode.swift; path = AccountView.swift; sourceTree = "<group>"; };
		6382CAFC2B7E66BA00E1DCF5 /* RetrieveTransactionsView.swift */ = {isa = PBXFileReference; lastKnownFileType = sourcecode.swift; path = RetrieveTransactionsView.swift; sourceTree = "<group>"; };
		6382CAFE2B7E671000E1DCF5 /* SendMoneyView.swift */ = {isa = PBXFileReference; lastKnownFileType = sourcecode.swift; path = SendMoneyView.swift; sourceTree = "<group>"; };
		A95C64EF2AC8258800251ECD /* ExampleView.swift */ = {isa = PBXFileReference; lastKnownFileType = sourcecode.swift; path = ExampleView.swift; sourceTree = "<group>"; };
		A9AEB61C2ADC5EDB0020793B /* ExampleViewWithCombine.swift */ = {isa = PBXFileReference; lastKnownFileType = sourcecode.swift; path = ExampleViewWithCombine.swift; sourceTree = "<group>"; };
/* End PBXFileReference section */

/* Begin PBXFrameworksBuildPhase section */
		636A77832ABF0DF70078FA34 /* Frameworks */ = {
			isa = PBXFrameworksBuildPhase;
			buildActionMask = 2147483647;
			files = (
				636A77BD2ABF15A80078FA34 /* BankingEngine in Frameworks */,
			);
			runOnlyForDeploymentPostprocessing = 0;
		};
		636A77942ABF0DF90078FA34 /* Frameworks */ = {
			isa = PBXFrameworksBuildPhase;
			buildActionMask = 2147483647;
			files = (
			);
			runOnlyForDeploymentPostprocessing = 0;
		};
		636A779E2ABF0DF90078FA34 /* Frameworks */ = {
			isa = PBXFrameworksBuildPhase;
			buildActionMask = 2147483647;
			files = (
			);
			runOnlyForDeploymentPostprocessing = 0;
		};
/* End PBXFrameworksBuildPhase section */

/* Begin PBXGroup section */
		636A777D2ABF0DF70078FA34 = {
			isa = PBXGroup;
			children = (
				636A77BA2ABF11270078FA34 /* BankingEngine */,
				636A77882ABF0DF70078FA34 /* Tudor Bank */,
				636A779A2ABF0DF90078FA34 /* Tudor BankTests */,
				636A77A42ABF0DF90078FA34 /* Tudor BankUITests */,
				636A77872ABF0DF70078FA34 /* Products */,
				636A77BB2ABF15A80078FA34 /* Frameworks */,
			);
			sourceTree = "<group>";
		};
		636A77872ABF0DF70078FA34 /* Products */ = {
			isa = PBXGroup;
			children = (
				636A77862ABF0DF70078FA34 /* Tudor Bank.app */,
				636A77972ABF0DF90078FA34 /* Tudor BankTests.xctest */,
				636A77A12ABF0DF90078FA34 /* Tudor BankUITests.xctest */,
			);
			name = Products;
			sourceTree = "<group>";
		};
		636A77882ABF0DF70078FA34 /* Tudor Bank */ = {
			isa = PBXGroup;
			children = (
				636A77892ABF0DF70078FA34 /* Tudor_BankApp.swift */,
				63025ACF2B90EE140040C201 /* PhotosModel.xcdatamodeld */,
				636A778B2ABF0DF70078FA34 /* ContentView.swift */,
				6382CAFE2B7E671000E1DCF5 /* SendMoneyView.swift */,
				6382CAFC2B7E66BA00E1DCF5 /* RetrieveTransactionsView.swift */,
				6382CAF82B7E612C00E1DCF5 /* ImagePicker.swift */,
				6382CAFA2B7E666E00E1DCF5 /* AccountView.swift */,
				A95C64EF2AC8258800251ECD /* ExampleView.swift */,
				A9AEB61C2ADC5EDB0020793B /* ExampleViewWithCombine.swift */,
				636A778D2ABF0DF90078FA34 /* Assets.xcassets */,
				636A778F2ABF0DF90078FA34 /* Tudor_Bank.entitlements */,
				636A77902ABF0DF90078FA34 /* Preview Content */,
			);
			path = "Tudor Bank";
			sourceTree = "<group>";
		};
		636A77902ABF0DF90078FA34 /* Preview Content */ = {
			isa = PBXGroup;
			children = (
				636A77912ABF0DF90078FA34 /* Preview Assets.xcassets */,
			);
			path = "Preview Content";
			sourceTree = "<group>";
		};
		636A779A2ABF0DF90078FA34 /* Tudor BankTests */ = {
			isa = PBXGroup;
			children = (
				636A779B2ABF0DF90078FA34 /* Tudor_BankTests.swift */,
			);
			path = "Tudor BankTests";
			sourceTree = "<group>";
		};
		636A77A42ABF0DF90078FA34 /* Tudor BankUITests */ = {
			isa = PBXGroup;
			children = (
				636A77A52ABF0DF90078FA34 /* Tudor_BankUITests.swift */,
				636A77A72ABF0DF90078FA34 /* Tudor_BankUITestsLaunchTests.swift */,
			);
			path = "Tudor BankUITests";
			sourceTree = "<group>";
		};
		636A77BB2ABF15A80078FA34 /* Frameworks */ = {
			isa = PBXGroup;
			children = (
			);
			name = Frameworks;
			sourceTree = "<group>";
		};
/* End PBXGroup section */

/* Begin PBXNativeTarget section */
		636A77852ABF0DF70078FA34 /* Tudor Bank */ = {
			isa = PBXNativeTarget;
			buildConfigurationList = 636A77AB2ABF0DF90078FA34 /* Build configuration list for PBXNativeTarget "Tudor Bank" */;
			buildPhases = (
				636A77822ABF0DF70078FA34 /* Sources */,
				636A77832ABF0DF70078FA34 /* Frameworks */,
				636A77842ABF0DF70078FA34 /* Resources */,
			);
			buildRules = (
			);
			dependencies = (
			);
			name = "Tudor Bank";
			packageProductDependencies = (
				636A77BC2ABF15A80078FA34 /* BankingEngine */,
			);
			productName = "Tudor Bank";
			productReference = 636A77862ABF0DF70078FA34 /* Tudor Bank.app */;
			productType = "com.apple.product-type.application";
		};
		636A77962ABF0DF90078FA34 /* Tudor BankTests */ = {
			isa = PBXNativeTarget;
			buildConfigurationList = 636A77AE2ABF0DF90078FA34 /* Build configuration list for PBXNativeTarget "Tudor BankTests" */;
			buildPhases = (
				636A77932ABF0DF90078FA34 /* Sources */,
				636A77942ABF0DF90078FA34 /* Frameworks */,
				636A77952ABF0DF90078FA34 /* Resources */,
			);
			buildRules = (
			);
			dependencies = (
				636A77992ABF0DF90078FA34 /* PBXTargetDependency */,
			);
			name = "Tudor BankTests";
			productName = "Tudor BankTests";
			productReference = 636A77972ABF0DF90078FA34 /* Tudor BankTests.xctest */;
			productType = "com.apple.product-type.bundle.unit-test";
		};
		636A77A02ABF0DF90078FA34 /* Tudor BankUITests */ = {
			isa = PBXNativeTarget;
			buildConfigurationList = 636A77B12ABF0DF90078FA34 /* Build configuration list for PBXNativeTarget "Tudor BankUITests" */;
			buildPhases = (
				636A779D2ABF0DF90078FA34 /* Sources */,
				636A779E2ABF0DF90078FA34 /* Frameworks */,
				636A779F2ABF0DF90078FA34 /* Resources */,
			);
			buildRules = (
			);
			dependencies = (
				636A77A32ABF0DF90078FA34 /* PBXTargetDependency */,
			);
			name = "Tudor BankUITests";
			productName = "Tudor BankUITests";
			productReference = 636A77A12ABF0DF90078FA34 /* Tudor BankUITests.xctest */;
			productType = "com.apple.product-type.bundle.ui-testing";
		};
/* End PBXNativeTarget section */

/* Begin PBXProject section */
		636A777E2ABF0DF70078FA34 /* Project object */ = {
			isa = PBXProject;
			attributes = {
				BuildIndependentTargetsInParallel = 1;
				LastSwiftUpdateCheck = 1500;
				LastUpgradeCheck = 1500;
				TargetAttributes = {
					636A77852ABF0DF70078FA34 = {
						CreatedOnToolsVersion = 15.0;
					};
					636A77962ABF0DF90078FA34 = {
						CreatedOnToolsVersion = 15.0;
						TestTargetID = 636A77852ABF0DF70078FA34;
					};
					636A77A02ABF0DF90078FA34 = {
						CreatedOnToolsVersion = 15.0;
						TestTargetID = 636A77852ABF0DF70078FA34;
					};
				};
			};
			buildConfigurationList = 636A77812ABF0DF70078FA34 /* Build configuration list for PBXProject "Tudor Bank" */;
			compatibilityVersion = "Xcode 14.0";
			developmentRegion = en;
			hasScannedForEncodings = 0;
			knownRegions = (
				en,
				Base,
			);
			mainGroup = 636A777D2ABF0DF70078FA34;
			packageReferences = (
			);
			productRefGroup = 636A77872ABF0DF70078FA34 /* Products */;
			projectDirPath = "";
			projectRoot = "";
			targets = (
				636A77852ABF0DF70078FA34 /* Tudor Bank */,
				636A77962ABF0DF90078FA34 /* Tudor BankTests */,
				636A77A02ABF0DF90078FA34 /* Tudor BankUITests */,
			);
		};
/* End PBXProject section */

/* Begin PBXResourcesBuildPhase section */
		636A77842ABF0DF70078FA34 /* Resources */ = {
			isa = PBXResourcesBuildPhase;
			buildActionMask = 2147483647;
			files = (
				636A77922ABF0DF90078FA34 /* Preview Assets.xcassets in Resources */,
				636A778E2ABF0DF90078FA34 /* Assets.xcassets in Resources */,
			);
			runOnlyForDeploymentPostprocessing = 0;
		};
		636A77952ABF0DF90078FA34 /* Resources */ = {
			isa = PBXResourcesBuildPhase;
			buildActionMask = 2147483647;
			files = (
			);
			runOnlyForDeploymentPostprocessing = 0;
		};
		636A779F2ABF0DF90078FA34 /* Resources */ = {
			isa = PBXResourcesBuildPhase;
			buildActionMask = 2147483647;
			files = (
			);
			runOnlyForDeploymentPostprocessing = 0;
		};
/* End PBXResourcesBuildPhase section */

/* Begin PBXSourcesBuildPhase section */
		636A77822ABF0DF70078FA34 /* Sources */ = {
			isa = PBXSourcesBuildPhase;
			buildActionMask = 2147483647;
			files = (
				6382CAFB2B7E666E00E1DCF5 /* AccountView.swift in Sources */,
				636A778C2ABF0DF70078FA34 /* ContentView.swift in Sources */,
				6382CAFD2B7E66BA00E1DCF5 /* RetrieveTransactionsView.swift in Sources */,
				63025AD12B90EE140040C201 /* PhotosModel.xcdatamodeld in Sources */,
				6382CAFF2B7E671000E1DCF5 /* SendMoneyView.swift in Sources */,
				636A778A2ABF0DF70078FA34 /* Tudor_BankApp.swift in Sources */,
				6382CAF92B7E612C00E1DCF5 /* ImagePicker.swift in Sources */,
				A95C64F02AC8258800251ECD /* ExampleView.swift in Sources */,
				A9AEB61D2ADC5EDC0020793B /* ExampleViewWithCombine.swift in Sources */,
			);
			runOnlyForDeploymentPostprocessing = 0;
		};
		636A77932ABF0DF90078FA34 /* Sources */ = {
			isa = PBXSourcesBuildPhase;
			buildActionMask = 2147483647;
			files = (
				636A779C2ABF0DF90078FA34 /* Tudor_BankTests.swift in Sources */,
			);
			runOnlyForDeploymentPostprocessing = 0;
		};
		636A779D2ABF0DF90078FA34 /* Sources */ = {
			isa = PBXSourcesBuildPhase;
			buildActionMask = 2147483647;
			files = (
				636A77A62ABF0DF90078FA34 /* Tudor_BankUITests.swift in Sources */,
				636A77A82ABF0DF90078FA34 /* Tudor_BankUITestsLaunchTests.swift in Sources */,
			);
			runOnlyForDeploymentPostprocessing = 0;
		};
/* End PBXSourcesBuildPhase section */

/* Begin PBXTargetDependency section */
		636A77992ABF0DF90078FA34 /* PBXTargetDependency */ = {
			isa = PBXTargetDependency;
			target = 636A77852ABF0DF70078FA34 /* Tudor Bank */;
			targetProxy = 636A77982ABF0DF90078FA34 /* PBXContainerItemProxy */;
		};
		636A77A32ABF0DF90078FA34 /* PBXTargetDependency */ = {
			isa = PBXTargetDependency;
			target = 636A77852ABF0DF70078FA34 /* Tudor Bank */;
			targetProxy = 636A77A22ABF0DF90078FA34 /* PBXContainerItemProxy */;
		};
/* End PBXTargetDependency section */

/* Begin XCBuildConfiguration section */
		636A77A92ABF0DF90078FA34 /* Debug */ = {
			isa = XCBuildConfiguration;
			buildSettings = {
				ALWAYS_SEARCH_USER_PATHS = NO;
				ASSETCATALOG_COMPILER_GENERATE_SWIFT_ASSET_SYMBOL_EXTENSIONS = YES;
				CLANG_ANALYZER_NONNULL = YES;
				CLANG_ANALYZER_NUMBER_OBJECT_CONVERSION = YES_AGGRESSIVE;
				CLANG_CXX_LANGUAGE_STANDARD = "gnu++20";
				CLANG_ENABLE_MODULES = YES;
				CLANG_ENABLE_OBJC_ARC = YES;
				CLANG_ENABLE_OBJC_WEAK = YES;
				CLANG_WARN_BLOCK_CAPTURE_AUTORELEASING = YES;
				CLANG_WARN_BOOL_CONVERSION = YES;
				CLANG_WARN_COMMA = YES;
				CLANG_WARN_CONSTANT_CONVERSION = YES;
				CLANG_WARN_DEPRECATED_OBJC_IMPLEMENTATIONS = YES;
				CLANG_WARN_DIRECT_OBJC_ISA_USAGE = YES_ERROR;
				CLANG_WARN_DOCUMENTATION_COMMENTS = YES;
				CLANG_WARN_EMPTY_BODY = YES;
				CLANG_WARN_ENUM_CONVERSION = YES;
				CLANG_WARN_INFINITE_RECURSION = YES;
				CLANG_WARN_INT_CONVERSION = YES;
				CLANG_WARN_NON_LITERAL_NULL_CONVERSION = YES;
				CLANG_WARN_OBJC_IMPLICIT_RETAIN_SELF = YES;
				CLANG_WARN_OBJC_LITERAL_CONVERSION = YES;
				CLANG_WARN_OBJC_ROOT_CLASS = YES_ERROR;
				CLANG_WARN_QUOTED_INCLUDE_IN_FRAMEWORK_HEADER = YES;
				CLANG_WARN_RANGE_LOOP_ANALYSIS = YES;
				CLANG_WARN_STRICT_PROTOTYPES = YES;
				CLANG_WARN_SUSPICIOUS_MOVE = YES;
				CLANG_WARN_UNGUARDED_AVAILABILITY = YES_AGGRESSIVE;
				CLANG_WARN_UNREACHABLE_CODE = YES;
				CLANG_WARN__DUPLICATE_METHOD_MATCH = YES;
				COPY_PHASE_STRIP = NO;
				DEBUG_INFORMATION_FORMAT = dwarf;
				ENABLE_STRICT_OBJC_MSGSEND = YES;
				ENABLE_TESTABILITY = YES;
				ENABLE_USER_SCRIPT_SANDBOXING = YES;
				GCC_C_LANGUAGE_STANDARD = gnu17;
				GCC_DYNAMIC_NO_PIC = NO;
				GCC_NO_COMMON_BLOCKS = YES;
				GCC_OPTIMIZATION_LEVEL = 0;
				GCC_PREPROCESSOR_DEFINITIONS = (
					"DEBUG=1",
					"$(inherited)",
				);
				GCC_WARN_64_TO_32_BIT_CONVERSION = YES;
				GCC_WARN_ABOUT_RETURN_TYPE = YES_ERROR;
				GCC_WARN_UNDECLARED_SELECTOR = YES;
				GCC_WARN_UNINITIALIZED_AUTOS = YES_AGGRESSIVE;
				GCC_WARN_UNUSED_FUNCTION = YES;
				GCC_WARN_UNUSED_VARIABLE = YES;
				LOCALIZATION_PREFERS_STRING_CATALOGS = YES;
				MTL_ENABLE_DEBUG_INFO = INCLUDE_SOURCE;
				MTL_FAST_MATH = YES;
				ONLY_ACTIVE_ARCH = YES;
				SWIFT_ACTIVE_COMPILATION_CONDITIONS = "DEBUG $(inherited)";
				SWIFT_OPTIMIZATION_LEVEL = "-Onone";
			};
			name = Debug;
		};
		636A77AA2ABF0DF90078FA34 /* Release */ = {
			isa = XCBuildConfiguration;
			buildSettings = {
				ALWAYS_SEARCH_USER_PATHS = NO;
				ASSETCATALOG_COMPILER_GENERATE_SWIFT_ASSET_SYMBOL_EXTENSIONS = YES;
				CLANG_ANALYZER_NONNULL = YES;
				CLANG_ANALYZER_NUMBER_OBJECT_CONVERSION = YES_AGGRESSIVE;
				CLANG_CXX_LANGUAGE_STANDARD = "gnu++20";
				CLANG_ENABLE_MODULES = YES;
				CLANG_ENABLE_OBJC_ARC = YES;
				CLANG_ENABLE_OBJC_WEAK = YES;
				CLANG_WARN_BLOCK_CAPTURE_AUTORELEASING = YES;
				CLANG_WARN_BOOL_CONVERSION = YES;
				CLANG_WARN_COMMA = YES;
				CLANG_WARN_CONSTANT_CONVERSION = YES;
				CLANG_WARN_DEPRECATED_OBJC_IMPLEMENTATIONS = YES;
				CLANG_WARN_DIRECT_OBJC_ISA_USAGE = YES_ERROR;
				CLANG_WARN_DOCUMENTATION_COMMENTS = YES;
				CLANG_WARN_EMPTY_BODY = YES;
				CLANG_WARN_ENUM_CONVERSION = YES;
				CLANG_WARN_INFINITE_RECURSION = YES;
				CLANG_WARN_INT_CONVERSION = YES;
				CLANG_WARN_NON_LITERAL_NULL_CONVERSION = YES;
				CLANG_WARN_OBJC_IMPLICIT_RETAIN_SELF = YES;
				CLANG_WARN_OBJC_LITERAL_CONVERSION = YES;
				CLANG_WARN_OBJC_ROOT_CLASS = YES_ERROR;
				CLANG_WARN_QUOTED_INCLUDE_IN_FRAMEWORK_HEADER = YES;
				CLANG_WARN_RANGE_LOOP_ANALYSIS = YES;
				CLANG_WARN_STRICT_PROTOTYPES = YES;
				CLANG_WARN_SUSPICIOUS_MOVE = YES;
				CLANG_WARN_UNGUARDED_AVAILABILITY = YES_AGGRESSIVE;
				CLANG_WARN_UNREACHABLE_CODE = YES;
				CLANG_WARN__DUPLICATE_METHOD_MATCH = YES;
				COPY_PHASE_STRIP = NO;
				DEBUG_INFORMATION_FORMAT = "dwarf-with-dsym";
				ENABLE_NS_ASSERTIONS = NO;
				ENABLE_STRICT_OBJC_MSGSEND = YES;
				ENABLE_USER_SCRIPT_SANDBOXING = YES;
				GCC_C_LANGUAGE_STANDARD = gnu17;
				GCC_NO_COMMON_BLOCKS = YES;
				GCC_WARN_64_TO_32_BIT_CONVERSION = YES;
				GCC_WARN_ABOUT_RETURN_TYPE = YES_ERROR;
				GCC_WARN_UNDECLARED_SELECTOR = YES;
				GCC_WARN_UNINITIALIZED_AUTOS = YES_AGGRESSIVE;
				GCC_WARN_UNUSED_FUNCTION = YES;
				GCC_WARN_UNUSED_VARIABLE = YES;
				LOCALIZATION_PREFERS_STRING_CATALOGS = YES;
				MTL_ENABLE_DEBUG_INFO = NO;
				MTL_FAST_MATH = YES;
				SWIFT_COMPILATION_MODE = wholemodule;
			};
			name = Release;
		};
		636A77AC2ABF0DF90078FA34 /* Debug */ = {
			isa = XCBuildConfiguration;
			buildSettings = {
				ASSETCATALOG_COMPILER_APPICON_NAME = AppIcon;
				ASSETCATALOG_COMPILER_GLOBAL_ACCENT_COLOR_NAME = AccentColor;
				CODE_SIGN_ENTITLEMENTS = "Tudor Bank/Tudor_Bank.entitlements";
				CODE_SIGN_STYLE = Automatic;
				CURRENT_PROJECT_VERSION = 1;
				DEVELOPMENT_ASSET_PATHS = "\"Tudor Bank/Preview Content\"";
				ENABLE_PREVIEWS = YES;
				GENERATE_INFOPLIST_FILE = YES;
				"INFOPLIST_KEY_UIApplicationSceneManifest_Generation[sdk=iphoneos*]" = YES;
				"INFOPLIST_KEY_UIApplicationSceneManifest_Generation[sdk=iphonesimulator*]" = YES;
				"INFOPLIST_KEY_UIApplicationSupportsIndirectInputEvents[sdk=iphoneos*]" = YES;
				"INFOPLIST_KEY_UIApplicationSupportsIndirectInputEvents[sdk=iphonesimulator*]" = YES;
				"INFOPLIST_KEY_UILaunchScreen_Generation[sdk=iphoneos*]" = YES;
				"INFOPLIST_KEY_UILaunchScreen_Generation[sdk=iphonesimulator*]" = YES;
				"INFOPLIST_KEY_UIStatusBarStyle[sdk=iphoneos*]" = UIStatusBarStyleDefault;
				"INFOPLIST_KEY_UIStatusBarStyle[sdk=iphonesimulator*]" = UIStatusBarStyleDefault;
				INFOPLIST_KEY_UISupportedInterfaceOrientations_iPad = "UIInterfaceOrientationPortrait UIInterfaceOrientationPortraitUpsideDown UIInterfaceOrientationLandscapeLeft UIInterfaceOrientationLandscapeRight";
				INFOPLIST_KEY_UISupportedInterfaceOrientations_iPhone = "UIInterfaceOrientationPortrait UIInterfaceOrientationLandscapeLeft UIInterfaceOrientationLandscapeRight";
				IPHONEOS_DEPLOYMENT_TARGET = 15.0;
				LD_RUNPATH_SEARCH_PATHS = "@executable_path/Frameworks";
				"LD_RUNPATH_SEARCH_PATHS[sdk=macosx*]" = "@executable_path/../Frameworks";
				MACOSX_DEPLOYMENT_TARGET = 13.5;
				MARKETING_VERSION = 1.0;
				PRODUCT_BUNDLE_IDENTIFIER = "com.Tudor.Tudor-Bank";
				PRODUCT_NAME = "$(TARGET_NAME)";
				SDKROOT = auto;
				SUPPORTED_PLATFORMS = "iphoneos iphonesimulator macosx";
				SWIFT_EMIT_LOC_STRINGS = YES;
				SWIFT_VERSION = 5.0;
				TARGETED_DEVICE_FAMILY = "1,2";
			};
			name = Debug;
		};
		636A77AD2ABF0DF90078FA34 /* Release */ = {
			isa = XCBuildConfiguration;
			buildSettings = {
				ASSETCATALOG_COMPILER_APPICON_NAME = AppIcon;
				ASSETCATALOG_COMPILER_GLOBAL_ACCENT_COLOR_NAME = AccentColor;
				CODE_SIGN_ENTITLEMENTS = "Tudor Bank/Tudor_Bank.entitlements";
				CODE_SIGN_STYLE = Automatic;
				CURRENT_PROJECT_VERSION = 1;
				DEVELOPMENT_ASSET_PATHS = "\"Tudor Bank/Preview Content\"";
				ENABLE_PREVIEWS = YES;
				GENERATE_INFOPLIST_FILE = YES;
				"INFOPLIST_KEY_UIApplicationSceneManifest_Generation[sdk=iphoneos*]" = YES;
				"INFOPLIST_KEY_UIApplicationSceneManifest_Generation[sdk=iphonesimulator*]" = YES;
				"INFOPLIST_KEY_UIApplicationSupportsIndirectInputEvents[sdk=iphoneos*]" = YES;
				"INFOPLIST_KEY_UIApplicationSupportsIndirectInputEvents[sdk=iphonesimulator*]" = YES;
				"INFOPLIST_KEY_UILaunchScreen_Generation[sdk=iphoneos*]" = YES;
				"INFOPLIST_KEY_UILaunchScreen_Generation[sdk=iphonesimulator*]" = YES;
				"INFOPLIST_KEY_UIStatusBarStyle[sdk=iphoneos*]" = UIStatusBarStyleDefault;
				"INFOPLIST_KEY_UIStatusBarStyle[sdk=iphonesimulator*]" = UIStatusBarStyleDefault;
				INFOPLIST_KEY_UISupportedInterfaceOrientations_iPad = "UIInterfaceOrientationPortrait UIInterfaceOrientationPortraitUpsideDown UIInterfaceOrientationLandscapeLeft UIInterfaceOrientationLandscapeRight";
				INFOPLIST_KEY_UISupportedInterfaceOrientations_iPhone = "UIInterfaceOrientationPortrait UIInterfaceOrientationLandscapeLeft UIInterfaceOrientationLandscapeRight";
				IPHONEOS_DEPLOYMENT_TARGET = 15.0;
				LD_RUNPATH_SEARCH_PATHS = "@executable_path/Frameworks";
				"LD_RUNPATH_SEARCH_PATHS[sdk=macosx*]" = "@executable_path/../Frameworks";
				MACOSX_DEPLOYMENT_TARGET = 13.5;
				MARKETING_VERSION = 1.0;
				PRODUCT_BUNDLE_IDENTIFIER = "com.Tudor.Tudor-Bank";
				PRODUCT_NAME = "$(TARGET_NAME)";
				SDKROOT = auto;
				SUPPORTED_PLATFORMS = "iphoneos iphonesimulator macosx";
				SWIFT_EMIT_LOC_STRINGS = YES;
				SWIFT_VERSION = 5.0;
				TARGETED_DEVICE_FAMILY = "1,2";
			};
			name = Release;
		};
		636A77AF2ABF0DF90078FA34 /* Debug */ = {
			isa = XCBuildConfiguration;
			buildSettings = {
				ALWAYS_EMBED_SWIFT_STANDARD_LIBRARIES = YES;
				BUNDLE_LOADER = "$(TEST_HOST)";
				CODE_SIGN_STYLE = Automatic;
				CURRENT_PROJECT_VERSION = 1;
				GENERATE_INFOPLIST_FILE = YES;
				IPHONEOS_DEPLOYMENT_TARGET = 17.0;
				MACOSX_DEPLOYMENT_TARGET = 13.5;
				MARKETING_VERSION = 1.0;
				PRODUCT_BUNDLE_IDENTIFIER = "com.Tudor.Tudor-BankTests";
				PRODUCT_NAME = "$(TARGET_NAME)";
				SDKROOT = auto;
				SUPPORTED_PLATFORMS = "iphoneos iphonesimulator macosx";
				SWIFT_EMIT_LOC_STRINGS = NO;
				SWIFT_VERSION = 5.0;
				TARGETED_DEVICE_FAMILY = "1,2";
				TEST_HOST = "$(BUILT_PRODUCTS_DIR)/Tudor Bank.app/$(BUNDLE_EXECUTABLE_FOLDER_PATH)/Tudor Bank";
			};
			name = Debug;
		};
		636A77B02ABF0DF90078FA34 /* Release */ = {
			isa = XCBuildConfiguration;
			buildSettings = {
				ALWAYS_EMBED_SWIFT_STANDARD_LIBRARIES = YES;
				BUNDLE_LOADER = "$(TEST_HOST)";
				CODE_SIGN_STYLE = Automatic;
				CURRENT_PROJECT_VERSION = 1;
				GENERATE_INFOPLIST_FILE = YES;
				IPHONEOS_DEPLOYMENT_TARGET = 17.0;
				MACOSX_DEPLOYMENT_TARGET = 13.5;
				MARKETING_VERSION = 1.0;
				PRODUCT_BUNDLE_IDENTIFIER = "com.Tudor.Tudor-BankTests";
				PRODUCT_NAME = "$(TARGET_NAME)";
				SDKROOT = auto;
				SUPPORTED_PLATFORMS = "iphoneos iphonesimulator macosx";
				SWIFT_EMIT_LOC_STRINGS = NO;
				SWIFT_VERSION = 5.0;
				TARGETED_DEVICE_FAMILY = "1,2";
				TEST_HOST = "$(BUILT_PRODUCTS_DIR)/Tudor Bank.app/$(BUNDLE_EXECUTABLE_FOLDER_PATH)/Tudor Bank";
			};
			name = Release;
		};
		636A77B22ABF0DF90078FA34 /* Debug */ = {
			isa = XCBuildConfiguration;
			buildSettings = {
				ALWAYS_EMBED_SWIFT_STANDARD_LIBRARIES = YES;
				CODE_SIGN_STYLE = Automatic;
				CURRENT_PROJECT_VERSION = 1;
				GENERATE_INFOPLIST_FILE = YES;
				IPHONEOS_DEPLOYMENT_TARGET = 17.0;
				MACOSX_DEPLOYMENT_TARGET = 13.5;
				MARKETING_VERSION = 1.0;
				PRODUCT_BUNDLE_IDENTIFIER = "com.Tudor.Tudor-BankUITests";
				PRODUCT_NAME = "$(TARGET_NAME)";
				SDKROOT = auto;
				SUPPORTED_PLATFORMS = "iphoneos iphonesimulator macosx";
				SWIFT_EMIT_LOC_STRINGS = NO;
				SWIFT_VERSION = 5.0;
				TARGETED_DEVICE_FAMILY = "1,2";
				TEST_TARGET_NAME = "Tudor Bank";
			};
			name = Debug;
		};
		636A77B32ABF0DF90078FA34 /* Release */ = {
			isa = XCBuildConfiguration;
			buildSettings = {
				ALWAYS_EMBED_SWIFT_STANDARD_LIBRARIES = YES;
				CODE_SIGN_STYLE = Automatic;
				CURRENT_PROJECT_VERSION = 1;
				GENERATE_INFOPLIST_FILE = YES;
				IPHONEOS_DEPLOYMENT_TARGET = 17.0;
				MACOSX_DEPLOYMENT_TARGET = 13.5;
				MARKETING_VERSION = 1.0;
				PRODUCT_BUNDLE_IDENTIFIER = "com.Tudor.Tudor-BankUITests";
				PRODUCT_NAME = "$(TARGET_NAME)";
				SDKROOT = auto;
				SUPPORTED_PLATFORMS = "iphoneos iphonesimulator macosx";
				SWIFT_EMIT_LOC_STRINGS = NO;
				SWIFT_VERSION = 5.0;
				TARGETED_DEVICE_FAMILY = "1,2";
				TEST_TARGET_NAME = "Tudor Bank";
			};
			name = Release;
		};
/* End XCBuildConfiguration section */

/* Begin XCConfigurationList section */
		636A77812ABF0DF70078FA34 /* Build configuration list for PBXProject "Tudor Bank" */ = {
			isa = XCConfigurationList;
			buildConfigurations = (
				636A77A92ABF0DF90078FA34 /* Debug */,
				636A77AA2ABF0DF90078FA34 /* Release */,
			);
			defaultConfigurationIsVisible = 0;
			defaultConfigurationName = Release;
		};
		636A77AB2ABF0DF90078FA34 /* Build configuration list for PBXNativeTarget "Tudor Bank" */ = {
			isa = XCConfigurationList;
			buildConfigurations = (
				636A77AC2ABF0DF90078FA34 /* Debug */,
				636A77AD2ABF0DF90078FA34 /* Release */,
			);
			defaultConfigurationIsVisible = 0;
			defaultConfigurationName = Release;
		};
		636A77AE2ABF0DF90078FA34 /* Build configuration list for PBXNativeTarget "Tudor BankTests" */ = {
			isa = XCConfigurationList;
			buildConfigurations = (
				636A77AF2ABF0DF90078FA34 /* Debug */,
				636A77B02ABF0DF90078FA34 /* Release */,
			);
			defaultConfigurationIsVisible = 0;
			defaultConfigurationName = Release;
		};
		636A77B12ABF0DF90078FA34 /* Build configuration list for PBXNativeTarget "Tudor BankUITests" */ = {
			isa = XCConfigurationList;
			buildConfigurations = (
				636A77B22ABF0DF90078FA34 /* Debug */,
				636A77B32ABF0DF90078FA34 /* Release */,
			);
			defaultConfigurationIsVisible = 0;
			defaultConfigurationName = Release;
		};
/* End XCConfigurationList section */

/* Begin XCSwiftPackageProductDependency section */
		636A77BC2ABF15A80078FA34 /* BankingEngine */ = {
			isa = XCSwiftPackageProductDependency;
			productName = BankingEngine;
		};
/* End XCSwiftPackageProductDependency section */

/* Begin XCVersionGroup section */
		63025ACF2B90EE140040C201 /* PhotosModel.xcdatamodeld */ = {
			isa = XCVersionGroup;
			children = (
				63025AD02B90EE140040C201 /* PhotosModel.xcdatamodel */,
			);
			currentVersion = 63025AD02B90EE140040C201 /* PhotosModel.xcdatamodel */;
			path = PhotosModel.xcdatamodeld;
			sourceTree = "<group>";
			versionGroupType = wrapper.xcdatamodel;
		};
/* End XCVersionGroup section */
	};
	rootObject = 636A777E2ABF0DF70078FA34 /* Project object */;
}
